
Microsoft Visual Studio Solution File, Format Version 12.00
# Visual Studio Version 16
VisualStudioVersion = 16.0.29519.87
MinimumVisualStudioVersion = 10.0.40219.1
Project("{9A19103F-16F7-4668-BE54-9A1E7A4F7556}") = "SimEarth2020", "src\SimEarth2020.csproj", "{92C5CD65-45B2-48AB-854E-E3C9A10D41C4}"
EndProject
Project("{FAE04EC0-301F-11D3-BF4B-00C04F79EFBC}") = "SimEarthTests", "test\SimEarthTests.csproj", "{3E3C05A2-CE9E-4B91-8898-CAFCC7E8B5CC}"
EndProject
Global
	GlobalSection(SolutionConfigurationPlatforms) = preSolution
		Debug|Any CPU = Debug|Any CPU
		Release|Any CPU = Release|Any CPU
	EndGlobalSection
	GlobalSection(ProjectConfigurationPlatforms) = postSolution
		{92C5CD65-45B2-48AB-854E-E3C9A10D41C4}.Debug|Any CPU.ActiveCfg = Debug|Any CPU
		{92C5CD65-45B2-48AB-854E-E3C9A10D41C4}.Debug|Any CPU.Build.0 = Debug|Any CPU
		{92C5CD65-45B2-48AB-854E-E3C9A10D41C4}.Release|Any CPU.ActiveCfg = Release|Any CPU
		{92C5CD65-45B2-48AB-854E-E3C9A10D41C4}.Release|Any CPU.Build.0 = Release|Any CPU
		{3E3C05A2-CE9E-4B91-8898-CAFCC7E8B5CC}.Debug|Any CPU.ActiveCfg = Debug|Any CPU
		{3E3C05A2-CE9E-4B91-8898-CAFCC7E8B5CC}.Debug|Any CPU.Build.0 = Debug|Any CPU
		{3E3C05A2-CE9E-4B91-8898-CAFCC7E8B5CC}.Release|Any CPU.ActiveCfg = Release|Any CPU
		{3E3C05A2-CE9E-4B91-8898-CAFCC7E8B5CC}.Release|Any CPU.Build.0 = Release|Any CPU
	EndGlobalSection
	GlobalSection(SolutionProperties) = preSolution
		HideSolutionNode = FALSE
	EndGlobalSection
	GlobalSection(ExtensibilityGlobals) = postSolution
		SolutionGuid = {5CB26CDE-4CE7-480E-9454-A649DAE19BD6}
	EndGlobalSection
EndGlobal
